// !$*UTF8*$!
{
	archiveVersion = 1;
	classes = {
	};
	objectVersion = 54;
	objects = {

/* Begin PBXBuildFile section */
		0A136826FBB021B7DD5BFD69 /* ShareCardView.swift in Sources */ = {isa = PBXBuildFile; fileRef = EAF15C95AD3F868CBFDCEB93 /* ShareCardView.swift */; };
		0D84618A53B85D6A58B1849F /* BeadsWidgetBundle.swift in Sources */ = {isa = PBXBuildFile; fileRef = E1A00EC7F4F957D47E68DF11 /* BeadsWidgetBundle.swift */; };
		164588818D3A7695DA899620 /* PracticeStore.swift in Sources */ = {isa = PBXBuildFile; fileRef = 8FC293FFB8808AC68A45501A /* PracticeStore.swift */; };
		1BA21018BED4C7451754C7A2 /* CloudSyncService.swift in Sources */ = {isa = PBXBuildFile; fileRef = 15501694577ACD8D789461EF /* CloudSyncService.swift */; };
		20AC8C8D5409C39CC1C5D085 /* JournalEntry.swift in Sources */ = {isa = PBXBuildFile; fileRef = D760F4ACC67AB26B7152213F /* JournalEntry.swift */; };
		2C640E0533208C35FA7282DD /* PracticeEntry+CloudKit.swift in Sources */ = {isa = PBXBuildFile; fileRef = 16A8775173BE9EC95BF4223E /* PracticeEntry+CloudKit.swift */; };
		2F1728E0FF8CD97CA0C4F5C9 /* seed_practices.json in Resources */ = {isa = PBXBuildFile; fileRef = FA525BD62D3CA2B4745E01DE /* seed_practices.json */; };
		30AC58333DA747C81D696925 /* HistoryCalendarView.swift in Sources */ = {isa = PBXBuildFile; fileRef = B47D6D2EB861A07B207B14B1 /* HistoryCalendarView.swift */; };
		40687F9B76CE9573DE087CEC /* Mood.swift in Sources */ = {isa = PBXBuildFile; fileRef = 4DA534FCD2B47998E200F09D /* Mood.swift */; };
		40ACCD9CE9E4DD2292C64920 /* DataExporter.swift in Sources */ = {isa = PBXBuildFile; fileRef = 1C144B14F477F40800394608 /* DataExporter.swift */; };
		483EAEB1844FBAF22C3F8136 /* BeadsWidgetExtension.appex in Embed Foundation Extensions */ = {isa = PBXBuildFile; fileRef = 4EEE7753A4F59746AC37AB08 /* BeadsWidgetExtension.appex */; settings = {ATTRIBUTES = (RemoveHeadersOnCopy, ); }; };
		498A66BEF60852864D2BE48B /* Mood.swift in Sources */ = {isa = PBXBuildFile; fileRef = 4DA534FCD2B47998E200F09D /* Mood.swift */; };
		4A52EB1D763E155D5851E19F /* ContentItem.swift in Sources */ = {isa = PBXBuildFile; fileRef = D21AEA729838BAD2D0B5B8E3 /* ContentItem.swift */; };
		5FD11FB93974A8E86C64A7AE /* JournalView.swift in Sources */ = {isa = PBXBuildFile; fileRef = C8198F46797D2C58BAB1B01B /* JournalView.swift */; };
		6208DD480035049FDD2B2E8D /* SharedStorage.swift in Sources */ = {isa = PBXBuildFile; fileRef = 60E4A07D1261A1F346AB8819 /* SharedStorage.swift */; };
		6292480D711E5FA991AFB9A7 /* NotificationScheduler.swift in Sources */ = {isa = PBXBuildFile; fileRef = E63BC7176DB1CD403C8FF6CA /* NotificationScheduler.swift */; };
		67EC426097CEE21AF5B817D3 /* TakeAMomentView.swift in Sources */ = {isa = PBXBuildFile; fileRef = 303C38A4DEEA7C37140D33CB /* TakeAMomentView.swift */; };
		7692250C32655979A1A666BB /* JournalEntry+CloudKit.swift in Sources */ = {isa = PBXBuildFile; fileRef = 6DD9F392D78BF9B90235D1ED /* JournalEntry+CloudKit.swift */; };
		89365D7F5994F02E24A179A1 /* MarkPracticeIntent.swift in Sources */ = {isa = PBXBuildFile; fileRef = E699B5213FD42BD8DF1A57EC /* MarkPracticeIntent.swift */; };
		893FDABDE7A0AF030187B112 /* MarkPracticeAppIntent.swift in Sources */ = {isa = PBXBuildFile; fileRef = EE88A8120DEB2C5184D1A5D3 /* MarkPracticeAppIntent.swift */; };
		8AA91902CD4343B343AD3F3D /* TodayView.swift in Sources */ = {isa = PBXBuildFile; fileRef = 726037A2CCC684FCC972B4A8 /* TodayView.swift */; };
		9609ED8354F8B68C4B5800BD /* DataExporter.swift in Sources */ = {isa = PBXBuildFile; fileRef = 1C144B14F477F40800394608 /* DataExporter.swift */; };
		9B717D8D0AFFC55500E1395D /* JournalEntry.swift in Sources */ = {isa = PBXBuildFile; fileRef = D760F4ACC67AB26B7152213F /* JournalEntry.swift */; };
		9BE78B0D1EC49AF16ECD9CA8 /* BeadsApp.swift in Sources */ = {isa = PBXBuildFile; fileRef = 36226408D1E2BE2756C90E67 /* BeadsApp.swift */; };
		9E027084A7EF13C852AEA0E6 /* MakeUpPracticeSheet.swift in Sources */ = {isa = PBXBuildFile; fileRef = B8D6819EA996FDB56EF81C1E /* MakeUpPracticeSheet.swift */; };
		A5ACED7A86C7ED75556948AA /* seed_practices.json in Resources */ = {isa = PBXBuildFile; fileRef = FA525BD62D3CA2B4745E01DE /* seed_practices.json */; };
		BE6FDBF4E50828B547B9CD9D /* WidgetKind.swift in Sources */ = {isa = PBXBuildFile; fileRef = 99AF8D08A15192CECAB65CB7 /* WidgetKind.swift */; };
		C52F1771679408A453D937C1 /* BeadsProgressView.swift in Sources */ = {isa = PBXBuildFile; fileRef = F3F11D69ED3AF5CA52DD8480 /* BeadsProgressView.swift */; };
		C8FFEAEDE9A3FB2893F57E2F /* ShareCardTemplate.swift in Sources */ = {isa = PBXBuildFile; fileRef = 3CCC8DEBC1FCD67546960FF0 /* ShareCardTemplate.swift */; };
		C9E9646EDD8C7EBE2E54A08E /* Localizable.xcstrings in Resources */ = {isa = PBXBuildFile; fileRef = C0C9CEB0E33F78D5E121A75D /* Localizable.xcstrings */; };
		CD420CD182DD0CE7415E2CAB /* SettingsView.swift in Sources */ = {isa = PBXBuildFile; fileRef = B9DB22B80E75AA0E56E42D12 /* SettingsView.swift */; };
		CDE5E3E7357446AB35EDDAA5 /* Localizable.xcstrings in Resources */ = {isa = PBXBuildFile; fileRef = C0C9CEB0E33F78D5E121A75D /* Localizable.xcstrings */; };
		CE29B018158A2D4484A99559 /* ContentItem.swift in Sources */ = {isa = PBXBuildFile; fileRef = D21AEA729838BAD2D0B5B8E3 /* ContentItem.swift */; };
		D7A4834FDE8CBA908AC06DA0 /* WidgetKind.swift in Sources */ = {isa = PBXBuildFile; fileRef = 99AF8D08A15192CECAB65CB7 /* WidgetKind.swift */; };
		D995C9756ECC1DB30391A7CC /* PracticeEntry.swift in Sources */ = {isa = PBXBuildFile; fileRef = 6F3A9B4D564A4C175A849CC0 /* PracticeEntry.swift */; };
		E38420F97F28B732C4DA0FD4 /* PracticeEntry.swift in Sources */ = {isa = PBXBuildFile; fileRef = 6F3A9B4D564A4C175A849CC0 /* PracticeEntry.swift */; };
		E4250F0C6997F3FC2FE9811D /* SharedStorage.swift in Sources */ = {isa = PBXBuildFile; fileRef = 60E4A07D1261A1F346AB8819 /* SharedStorage.swift */; };
		E820A90AD1E08CA65E16FF69 /* BeadsWidget.swift in Sources */ = {isa = PBXBuildFile; fileRef = F2A3F17A809DE0B075A33D97 /* BeadsWidget.swift */; };
		EB23DD50C9CA8635D9189B6E /* Assets.xcassets in Resources */ = {isa = PBXBuildFile; fileRef = 4E93A924D25E7D1663ECE189 /* Assets.xcassets */; };
		FC930CCCF5FAF5A733448123 /* ShareCardSheet.swift in Sources */ = {isa = PBXBuildFile; fileRef = 5057C27830636231EB48EA37 /* ShareCardSheet.swift */; };
		FF963502567CA4DA7E7AD1D0 /* RootView.swift in Sources */ = {isa = PBXBuildFile; fileRef = 185043DB4207ADFE1B004F2F /* RootView.swift */; };
/* End PBXBuildFile section */

/* Begin PBXContainerItemProxy section */
		96C49F5B8A2B02690310525C /* PBXContainerItemProxy */ = {
			isa = PBXContainerItemProxy;
			containerPortal = E5C8CB66D4D6468C4A976453 /* Project object */;
			proxyType = 1;
			remoteGlobalIDString = 49082E41A0A0AD3347F29FD0;
			remoteInfo = BeadsWidgetExtension;
		};
/* End PBXContainerItemProxy section */

/* Begin PBXCopyFilesBuildPhase section */
		C1EE8124B26C6C057D7CAECE /* Embed Foundation Extensions */ = {
			isa = PBXCopyFilesBuildPhase;
			buildActionMask = 2147483647;
			dstPath = "";
			dstSubfolderSpec = 13;
			files = (
				483EAEB1844FBAF22C3F8136 /* BeadsWidgetExtension.appex in Embed Foundation Extensions */,
			);
			name = "Embed Foundation Extensions";
			runOnlyForDeploymentPostprocessing = 0;
		};
/* End PBXCopyFilesBuildPhase section */

/* Begin PBXFileReference section */
		15501694577ACD8D789461EF /* CloudSyncService.swift */ = {isa = PBXFileReference; lastKnownFileType = sourcecode.swift; path = CloudSyncService.swift; sourceTree = "<group>"; };
		16A8775173BE9EC95BF4223E /* PracticeEntry+CloudKit.swift */ = {isa = PBXFileReference; lastKnownFileType = sourcecode.swift; path = "PracticeEntry+CloudKit.swift"; sourceTree = "<group>"; };
		185043DB4207ADFE1B004F2F /* RootView.swift */ = {isa = PBXFileReference; lastKnownFileType = sourcecode.swift; path = RootView.swift; sourceTree = "<group>"; };
		1C144B14F477F40800394608 /* DataExporter.swift */ = {isa = PBXFileReference; lastKnownFileType = sourcecode.swift; path = DataExporter.swift; sourceTree = "<group>"; };
		2FCCA6F5667EA92D1A97DF95 /* BeadsWidgetExtension.entitlements */ = {isa = PBXFileReference; lastKnownFileType = text.plist.entitlements; path = BeadsWidgetExtension.entitlements; sourceTree = "<group>"; };
		303C38A4DEEA7C37140D33CB /* TakeAMomentView.swift */ = {isa = PBXFileReference; lastKnownFileType = sourcecode.swift; path = TakeAMomentView.swift; sourceTree = "<group>"; };
		36226408D1E2BE2756C90E67 /* BeadsApp.swift */ = {isa = PBXFileReference; lastKnownFileType = sourcecode.swift; path = BeadsApp.swift; sourceTree = "<group>"; };
		3CCC8DEBC1FCD67546960FF0 /* ShareCardTemplate.swift */ = {isa = PBXFileReference; lastKnownFileType = sourcecode.swift; path = ShareCardTemplate.swift; sourceTree = "<group>"; };
		4DA534FCD2B47998E200F09D /* Mood.swift */ = {isa = PBXFileReference; lastKnownFileType = sourcecode.swift; path = Mood.swift; sourceTree = "<group>"; };
		4E93A924D25E7D1663ECE189 /* Assets.xcassets */ = {isa = PBXFileReference; lastKnownFileType = folder.assetcatalog; path = Assets.xcassets; sourceTree = "<group>"; };
		4EEE7753A4F59746AC37AB08 /* BeadsWidgetExtension.appex */ = {isa = PBXFileReference; includeInIndex = 0; lastKnownFileType = "wrapper.app-extension"; path = BeadsWidgetExtension.appex; sourceTree = BUILT_PRODUCTS_DIR; };
		5057C27830636231EB48EA37 /* ShareCardSheet.swift */ = {isa = PBXFileReference; lastKnownFileType = sourcecode.swift; path = ShareCardSheet.swift; sourceTree = "<group>"; };
		60E4A07D1261A1F346AB8819 /* SharedStorage.swift */ = {isa = PBXFileReference; lastKnownFileType = sourcecode.swift; path = SharedStorage.swift; sourceTree = "<group>"; };
		6DD9F392D78BF9B90235D1ED /* JournalEntry+CloudKit.swift */ = {isa = PBXFileReference; lastKnownFileType = sourcecode.swift; path = "JournalEntry+CloudKit.swift"; sourceTree = "<group>"; };
		6F3A9B4D564A4C175A849CC0 /* PracticeEntry.swift */ = {isa = PBXFileReference; lastKnownFileType = sourcecode.swift; path = PracticeEntry.swift; sourceTree = "<group>"; };
		726037A2CCC684FCC972B4A8 /* TodayView.swift */ = {isa = PBXFileReference; lastKnownFileType = sourcecode.swift; path = TodayView.swift; sourceTree = "<group>"; };
		8FC293FFB8808AC68A45501A /* PracticeStore.swift */ = {isa = PBXFileReference; lastKnownFileType = sourcecode.swift; path = PracticeStore.swift; sourceTree = "<group>"; };
		99AF8D08A15192CECAB65CB7 /* WidgetKind.swift */ = {isa = PBXFileReference; lastKnownFileType = sourcecode.swift; path = WidgetKind.swift; sourceTree = "<group>"; };
		B1EBC43281E94DE2A0E685C0 /* Beads.app */ = {isa = PBXFileReference; includeInIndex = 0; lastKnownFileType = wrapper.application; path = Beads.app; sourceTree = BUILT_PRODUCTS_DIR; };
		B47D6D2EB861A07B207B14B1 /* HistoryCalendarView.swift */ = {isa = PBXFileReference; lastKnownFileType = sourcecode.swift; path = HistoryCalendarView.swift; sourceTree = "<group>"; };
		B8D6819EA996FDB56EF81C1E /* MakeUpPracticeSheet.swift */ = {isa = PBXFileReference; lastKnownFileType = sourcecode.swift; path = MakeUpPracticeSheet.swift; sourceTree = "<group>"; };
		B9DB22B80E75AA0E56E42D12 /* SettingsView.swift */ = {isa = PBXFileReference; lastKnownFileType = sourcecode.swift; path = SettingsView.swift; sourceTree = "<group>"; };
		C0C9CEB0E33F78D5E121A75D /* Localizable.xcstrings */ = {isa = PBXFileReference; lastKnownFileType = text.json.xcstrings; path = Localizable.xcstrings; sourceTree = "<group>"; };
		C8198F46797D2C58BAB1B01B /* JournalView.swift */ = {isa = PBXFileReference; lastKnownFileType = sourcecode.swift; path = JournalView.swift; sourceTree = "<group>"; };
		D21AEA729838BAD2D0B5B8E3 /* ContentItem.swift */ = {isa = PBXFileReference; lastKnownFileType = sourcecode.swift; path = ContentItem.swift; sourceTree = "<group>"; };
		D760F4ACC67AB26B7152213F /* JournalEntry.swift */ = {isa = PBXFileReference; lastKnownFileType = sourcecode.swift; path = JournalEntry.swift; sourceTree = "<group>"; };
		E1A00EC7F4F957D47E68DF11 /* BeadsWidgetBundle.swift */ = {isa = PBXFileReference; lastKnownFileType = sourcecode.swift; path = BeadsWidgetBundle.swift; sourceTree = "<group>"; };
		E63BC7176DB1CD403C8FF6CA /* NotificationScheduler.swift */ = {isa = PBXFileReference; lastKnownFileType = sourcecode.swift; path = NotificationScheduler.swift; sourceTree = "<group>"; };
		E699B5213FD42BD8DF1A57EC /* MarkPracticeIntent.swift */ = {isa = PBXFileReference; lastKnownFileType = sourcecode.swift; path = MarkPracticeIntent.swift; sourceTree = "<group>"; };
		EAF15C95AD3F868CBFDCEB93 /* ShareCardView.swift */ = {isa = PBXFileReference; lastKnownFileType = sourcecode.swift; path = ShareCardView.swift; sourceTree = "<group>"; };
		EE88A8120DEB2C5184D1A5D3 /* MarkPracticeAppIntent.swift */ = {isa = PBXFileReference; lastKnownFileType = sourcecode.swift; path = MarkPracticeAppIntent.swift; sourceTree = "<group>"; };
		F2A3F17A809DE0B075A33D97 /* BeadsWidget.swift */ = {isa = PBXFileReference; lastKnownFileType = sourcecode.swift; path = BeadsWidget.swift; sourceTree = "<group>"; };
		F3F11D69ED3AF5CA52DD8480 /* BeadsProgressView.swift */ = {isa = PBXFileReference; lastKnownFileType = sourcecode.swift; path = BeadsProgressView.swift; sourceTree = "<group>"; };
		FA525BD62D3CA2B4745E01DE /* seed_practices.json */ = {isa = PBXFileReference; lastKnownFileType = text.json; path = seed_practices.json; sourceTree = "<group>"; };
/* End PBXFileReference section */

/* Begin PBXGroup section */
		48F949542162F3559EE302E5 /* Sources */ = {
			isa = PBXGroup;
			children = (
				4E93A924D25E7D1663ECE189 /* Assets.xcassets */,
				A3A2670964103F8E67381B99 /* App */,
				B3B5BDA77BD458D9FC019F4F /* CloudKit */,
				71D14130C7E2F6A617A8E354 /* Intents */,
				DA237FFCEC20D16242DAD30F /* Models */,
				B54F5D55411C8242A3AB2359 /* Notifications */,
				8ECAE11DE261E363FF1DC7CA /* Shared */,
				A5CE0ED732F6EC2A43A7995E /* Sharing */,
				F70FEB5CB5E372066892091D /* Store */,
				592DBDDA8BB0C4A55271E1BB /* Views */,
			);
			path = Sources;
			sourceTree = "<group>";
		};
		592DBDDA8BB0C4A55271E1BB /* Views */ = {
			isa = PBXGroup;
			children = (
				F3F11D69ED3AF5CA52DD8480 /* BeadsProgressView.swift */,
				B47D6D2EB861A07B207B14B1 /* HistoryCalendarView.swift */,
				C8198F46797D2C58BAB1B01B /* JournalView.swift */,
				B8D6819EA996FDB56EF81C1E /* MakeUpPracticeSheet.swift */,
				B9DB22B80E75AA0E56E42D12 /* SettingsView.swift */,
				303C38A4DEEA7C37140D33CB /* TakeAMomentView.swift */,
				726037A2CCC684FCC972B4A8 /* TodayView.swift */,
			);
			path = Views;
			sourceTree = "<group>";
		};
		5D6C80A3F8B61C4A5ED299EE = {
			isa = PBXGroup;
			children = (
				CFEF231829F9F46674AFA7A8 /* Beads */,
				C7B27705FBCA0E4C344F8D70 /* Products */,
			);
			sourceTree = "<group>";
		};
		5DC5CD8E66F2E16A98BDA5B9 /* Content */ = {
			isa = PBXGroup;
			children = (
				FA525BD62D3CA2B4745E01DE /* seed_practices.json */,
			);
			path = Content;
			sourceTree = "<group>";
		};
		71D14130C7E2F6A617A8E354 /* Intents */ = {
			isa = PBXGroup;
			children = (
				EE88A8120DEB2C5184D1A5D3 /* MarkPracticeAppIntent.swift */,
			);
			path = Intents;
			sourceTree = "<group>";
		};
		8ECAE11DE261E363FF1DC7CA /* Shared */ = {
			isa = PBXGroup;
			children = (
				1C144B14F477F40800394608 /* DataExporter.swift */,
				C0C9CEB0E33F78D5E121A75D /* Localizable.xcstrings */,
				60E4A07D1261A1F346AB8819 /* SharedStorage.swift */,
				99AF8D08A15192CECAB65CB7 /* WidgetKind.swift */,
			);
			path = Shared;
			sourceTree = "<group>";
		};
		A3A2670964103F8E67381B99 /* App */ = {
			isa = PBXGroup;
			children = (
				36226408D1E2BE2756C90E67 /* BeadsApp.swift */,
				185043DB4207ADFE1B004F2F /* RootView.swift */,
			);
			path = App;
			sourceTree = "<group>";
		};
		A5CE0ED732F6EC2A43A7995E /* Sharing */ = {
			isa = PBXGroup;
			children = (
				5057C27830636231EB48EA37 /* ShareCardSheet.swift */,
				3CCC8DEBC1FCD67546960FF0 /* ShareCardTemplate.swift */,
				EAF15C95AD3F868CBFDCEB93 /* ShareCardView.swift */,
			);
			path = Sharing;
			sourceTree = "<group>";
		};
		B3B5BDA77BD458D9FC019F4F /* CloudKit */ = {
			isa = PBXGroup;
			children = (
				15501694577ACD8D789461EF /* CloudSyncService.swift */,
				6DD9F392D78BF9B90235D1ED /* JournalEntry+CloudKit.swift */,
				16A8775173BE9EC95BF4223E /* PracticeEntry+CloudKit.swift */,
			);
			path = CloudKit;
			sourceTree = "<group>";
		};
		B54F5D55411C8242A3AB2359 /* Notifications */ = {
			isa = PBXGroup;
			children = (
				E63BC7176DB1CD403C8FF6CA /* NotificationScheduler.swift */,
			);
			path = Notifications;
			sourceTree = "<group>";
		};
		C7B27705FBCA0E4C344F8D70 /* Products */ = {
			isa = PBXGroup;
			children = (
				B1EBC43281E94DE2A0E685C0 /* Beads.app */,
				4EEE7753A4F59746AC37AB08 /* BeadsWidgetExtension.appex */,
			);
			name = Products;
			sourceTree = "<group>";
		};
		CFEF231829F9F46674AFA7A8 /* Beads */ = {
			isa = PBXGroup;
			children = (
				5DC5CD8E66F2E16A98BDA5B9 /* Content */,
				48F949542162F3559EE302E5 /* Sources */,
				F9FC72114299C632E7C1DDA5 /* WidgetExtension */,
			);
			path = Beads;
			sourceTree = "<group>";
		};
		DA237FFCEC20D16242DAD30F /* Models */ = {
			isa = PBXGroup;
			children = (
				D21AEA729838BAD2D0B5B8E3 /* ContentItem.swift */,
				D760F4ACC67AB26B7152213F /* JournalEntry.swift */,
				4DA534FCD2B47998E200F09D /* Mood.swift */,
				6F3A9B4D564A4C175A849CC0 /* PracticeEntry.swift */,
			);
			path = Models;
			sourceTree = "<group>";
		};
		F70FEB5CB5E372066892091D /* Store */ = {
			isa = PBXGroup;
			children = (
				8FC293FFB8808AC68A45501A /* PracticeStore.swift */,
			);
			path = Store;
			sourceTree = "<group>";
		};
		F9FC72114299C632E7C1DDA5 /* WidgetExtension */ = {
			isa = PBXGroup;
			children = (
				F2A3F17A809DE0B075A33D97 /* BeadsWidget.swift */,
				E1A00EC7F4F957D47E68DF11 /* BeadsWidgetBundle.swift */,
				2FCCA6F5667EA92D1A97DF95 /* BeadsWidgetExtension.entitlements */,
				E699B5213FD42BD8DF1A57EC /* MarkPracticeIntent.swift */,
			);
			path = WidgetExtension;
			sourceTree = "<group>";
		};
/* End PBXGroup section */

/* Begin PBXNativeTarget section */
		36CFD962E750DE23863F9BBC /* Beads */ = {
			isa = PBXNativeTarget;
			buildConfigurationList = BD758969F849458B4960D1FA /* Build configuration list for PBXNativeTarget "Beads" */;
			buildPhases = (
				FA7889BC0CD3BBE2E3B96B54 /* Sources */,
				0F8BC8A74F36F98B5696BC80 /* Resources */,
				C1EE8124B26C6C057D7CAECE /* Embed Foundation Extensions */,
			);
			buildRules = (
			);
			dependencies = (
				BD5869B2C823F5A68725D794 /* PBXTargetDependency */,
			);
			name = Beads;
			productName = Beads;
			productReference = B1EBC43281E94DE2A0E685C0 /* Beads.app */;
			productType = "com.apple.product-type.application";
		};
		49082E41A0A0AD3347F29FD0 /* BeadsWidgetExtension */ = {
			isa = PBXNativeTarget;
			buildConfigurationList = 8725DB50B83E81495147DE73 /* Build configuration list for PBXNativeTarget "BeadsWidgetExtension" */;
			buildPhases = (
				276CA3099F3378003E00CEA2 /* Sources */,
				4CFB4DC88BA11EB72794A033 /* Resources */,
			);
			buildRules = (
			);
			dependencies = (
			);
			name = BeadsWidgetExtension;
			productName = BeadsWidgetExtension;
			productReference = 4EEE7753A4F59746AC37AB08 /* BeadsWidgetExtension.appex */;
			productType = "com.apple.product-type.app-extension";
		};
/* End PBXNativeTarget section */

/* Begin PBXProject section */
		E5C8CB66D4D6468C4A976453 /* Project object */ = {
			isa = PBXProject;
			attributes = {
				BuildIndependentTargetsInParallel = YES;
				LastUpgradeCheck = 1430;
				TargetAttributes = {
					36CFD962E750DE23863F9BBC = {
						DevelopmentTeam = P472QJPHV5;
						ProvisioningStyle = Automatic;
					};
					49082E41A0A0AD3347F29FD0 = {
						DevelopmentTeam = P472QJPHV5;
						ProvisioningStyle = Automatic;
					};
				};
			};
			buildConfigurationList = A33825246DC270E96531144C /* Build configuration list for PBXProject "Beads" */;
			compatibilityVersion = "Xcode 14.0";
			developmentRegion = en;
			hasScannedForEncodings = 0;
			knownRegions = (
				Base,
				en,
			);
			mainGroup = 5D6C80A3F8B61C4A5ED299EE;
			projectDirPath = "";
			projectRoot = "";
			targets = (
				36CFD962E750DE23863F9BBC /* Beads */,
				49082E41A0A0AD3347F29FD0 /* BeadsWidgetExtension */,
			);
		};
/* End PBXProject section */

/* Begin PBXResourcesBuildPhase section */
		0F8BC8A74F36F98B5696BC80 /* Resources */ = {
			isa = PBXResourcesBuildPhase;
			buildActionMask = 2147483647;
			files = (
				EB23DD50C9CA8635D9189B6E /* Assets.xcassets in Resources */,
				C9E9646EDD8C7EBE2E54A08E /* Localizable.xcstrings in Resources */,
				2F1728E0FF8CD97CA0C4F5C9 /* seed_practices.json in Resources */,
			);
			runOnlyForDeploymentPostprocessing = 0;
		};
		4CFB4DC88BA11EB72794A033 /* Resources */ = {
			isa = PBXResourcesBuildPhase;
			buildActionMask = 2147483647;
			files = (
				CDE5E3E7357446AB35EDDAA5 /* Localizable.xcstrings in Resources */,
				A5ACED7A86C7ED75556948AA /* seed_practices.json in Resources */,
			);
			runOnlyForDeploymentPostprocessing = 0;
		};
/* End PBXResourcesBuildPhase section */

/* Begin PBXSourcesBuildPhase section */
		276CA3099F3378003E00CEA2 /* Sources */ = {
			isa = PBXSourcesBuildPhase;
			buildActionMask = 2147483647;
			files = (
				E820A90AD1E08CA65E16FF69 /* BeadsWidget.swift in Sources */,
				0D84618A53B85D6A58B1849F /* BeadsWidgetBundle.swift in Sources */,
				CE29B018158A2D4484A99559 /* ContentItem.swift in Sources */,
				40ACCD9CE9E4DD2292C64920 /* DataExporter.swift in Sources */,
				9B717D8D0AFFC55500E1395D /* JournalEntry.swift in Sources */,
				89365D7F5994F02E24A179A1 /* MarkPracticeIntent.swift in Sources */,
				40687F9B76CE9573DE087CEC /* Mood.swift in Sources */,
				E38420F97F28B732C4DA0FD4 /* PracticeEntry.swift in Sources */,
				6208DD480035049FDD2B2E8D /* SharedStorage.swift in Sources */,
				BE6FDBF4E50828B547B9CD9D /* WidgetKind.swift in Sources */,
			);
			runOnlyForDeploymentPostprocessing = 0;
		};
		FA7889BC0CD3BBE2E3B96B54 /* Sources */ = {
			isa = PBXSourcesBuildPhase;
			buildActionMask = 2147483647;
			files = (
				9BE78B0D1EC49AF16ECD9CA8 /* BeadsApp.swift in Sources */,
				C52F1771679408A453D937C1 /* BeadsProgressView.swift in Sources */,
				1BA21018BED4C7451754C7A2 /* CloudSyncService.swift in Sources */,
				4A52EB1D763E155D5851E19F /* ContentItem.swift in Sources */,
				9609ED8354F8B68C4B5800BD /* DataExporter.swift in Sources */,
				30AC58333DA747C81D696925 /* HistoryCalendarView.swift in Sources */,
				7692250C32655979A1A666BB /* JournalEntry+CloudKit.swift in Sources */,
				20AC8C8D5409C39CC1C5D085 /* JournalEntry.swift in Sources */,
				5FD11FB93974A8E86C64A7AE /* JournalView.swift in Sources */,
				9E027084A7EF13C852AEA0E6 /* MakeUpPracticeSheet.swift in Sources */,
				893FDABDE7A0AF030187B112 /* MarkPracticeAppIntent.swift in Sources */,
				498A66BEF60852864D2BE48B /* Mood.swift in Sources */,
				6292480D711E5FA991AFB9A7 /* NotificationScheduler.swift in Sources */,
				2C640E0533208C35FA7282DD /* PracticeEntry+CloudKit.swift in Sources */,
				D995C9756ECC1DB30391A7CC /* PracticeEntry.swift in Sources */,
				164588818D3A7695DA899620 /* PracticeStore.swift in Sources */,
				FF963502567CA4DA7E7AD1D0 /* RootView.swift in Sources */,
				CD420CD182DD0CE7415E2CAB /* SettingsView.swift in Sources */,
				FC930CCCF5FAF5A733448123 /* ShareCardSheet.swift in Sources */,
				C8FFEAEDE9A3FB2893F57E2F /* ShareCardTemplate.swift in Sources */,
				0A136826FBB021B7DD5BFD69 /* ShareCardView.swift in Sources */,
				E4250F0C6997F3FC2FE9811D /* SharedStorage.swift in Sources */,
				67EC426097CEE21AF5B817D3 /* TakeAMomentView.swift in Sources */,
				8AA91902CD4343B343AD3F3D /* TodayView.swift in Sources */,
				D7A4834FDE8CBA908AC06DA0 /* WidgetKind.swift in Sources */,
			);
			runOnlyForDeploymentPostprocessing = 0;
		};
/* End PBXSourcesBuildPhase section */

/* Begin PBXTargetDependency section */
		BD5869B2C823F5A68725D794 /* PBXTargetDependency */ = {
			isa = PBXTargetDependency;
			target = 49082E41A0A0AD3347F29FD0 /* BeadsWidgetExtension */;
			targetProxy = 96C49F5B8A2B02690310525C /* PBXContainerItemProxy */;
		};
/* End PBXTargetDependency section */

/* Begin XCBuildConfiguration section */
		01B56F7023FCC03C3D8D83DC /* Release */ = {
			isa = XCBuildConfiguration;
			buildSettings = {
				ALWAYS_SEARCH_USER_PATHS = NO;
				CLANG_ANALYZER_NONNULL = YES;
				CLANG_ANALYZER_NUMBER_OBJECT_CONVERSION = YES_AGGRESSIVE;
				CLANG_CXX_LANGUAGE_STANDARD = "gnu++14";
				CLANG_CXX_LIBRARY = "libc++";
				CLANG_ENABLE_MODULES = YES;
				CLANG_ENABLE_OBJC_ARC = YES;
				CLANG_ENABLE_OBJC_WEAK = YES;
				CLANG_WARN_BLOCK_CAPTURE_AUTORELEASING = YES;
				CLANG_WARN_BOOL_CONVERSION = YES;
				CLANG_WARN_COMMA = YES;
				CLANG_WARN_CONSTANT_CONVERSION = YES;
				CLANG_WARN_DEPRECATED_OBJC_IMPLEMENTATIONS = YES;
				CLANG_WARN_DIRECT_OBJC_ISA_USAGE = YES_ERROR;
				CLANG_WARN_DOCUMENTATION_COMMENTS = YES;
				CLANG_WARN_EMPTY_BODY = YES;
				CLANG_WARN_ENUM_CONVERSION = YES;
				CLANG_WARN_INFINITE_RECURSION = YES;
				CLANG_WARN_INT_CONVERSION = YES;
				CLANG_WARN_NON_LITERAL_NULL_CONVERSION = YES;
				CLANG_WARN_OBJC_IMPLICIT_RETAIN_SELF = YES;
				CLANG_WARN_OBJC_LITERAL_CONVERSION = YES;
				CLANG_WARN_OBJC_ROOT_CLASS = YES_ERROR;
				CLANG_WARN_QUOTED_INCLUDE_IN_FRAMEWORK_HEADER = YES;
				CLANG_WARN_RANGE_LOOP_ANALYSIS = YES;
				CLANG_WARN_STRICT_PROTOTYPES = YES;
				CLANG_WARN_SUSPICIOUS_MOVE = YES;
				CLANG_WARN_UNGUARDED_AVAILABILITY = YES_AGGRESSIVE;
				CLANG_WARN_UNREACHABLE_CODE = YES;
				CLANG_WARN__DUPLICATE_METHOD_MATCH = YES;
				COPY_PHASE_STRIP = NO;
				DEBUG_INFORMATION_FORMAT = "dwarf-with-dsym";
				ENABLE_NS_ASSERTIONS = NO;
				ENABLE_STRICT_OBJC_MSGSEND = YES;
				GCC_C_LANGUAGE_STANDARD = gnu11;
				GCC_NO_COMMON_BLOCKS = YES;
				GCC_WARN_64_TO_32_BIT_CONVERSION = YES;
				GCC_WARN_ABOUT_RETURN_TYPE = YES_ERROR;
				GCC_WARN_UNDECLARED_SELECTOR = YES;
				GCC_WARN_UNINITIALIZED_AUTOS = YES_AGGRESSIVE;
				GCC_WARN_UNUSED_FUNCTION = YES;
				GCC_WARN_UNUSED_VARIABLE = YES;
				IPHONEOS_DEPLOYMENT_TARGET = 16.0;
				MTL_ENABLE_DEBUG_INFO = NO;
				MTL_FAST_MATH = YES;
				PRODUCT_NAME = "$(TARGET_NAME)";
				SDKROOT = iphoneos;
				SWIFT_COMPILATION_MODE = wholemodule;
				SWIFT_OPTIMIZATION_LEVEL = "-O";
				SWIFT_VERSION = 5.0;
			};
			name = Release;
		};
		470C450FFD142A9732A9F13F /* Debug */ = {
			isa = XCBuildConfiguration;
			buildSettings = {
				ALWAYS_SEARCH_USER_PATHS = NO;
				CLANG_ANALYZER_NONNULL = YES;
				CLANG_ANALYZER_NUMBER_OBJECT_CONVERSION = YES_AGGRESSIVE;
				CLANG_CXX_LANGUAGE_STANDARD = "gnu++14";
				CLANG_CXX_LIBRARY = "libc++";
				CLANG_ENABLE_MODULES = YES;
				CLANG_ENABLE_OBJC_ARC = YES;
				CLANG_ENABLE_OBJC_WEAK = YES;
				CLANG_WARN_BLOCK_CAPTURE_AUTORELEASING = YES;
				CLANG_WARN_BOOL_CONVERSION = YES;
				CLANG_WARN_COMMA = YES;
				CLANG_WARN_CONSTANT_CONVERSION = YES;
				CLANG_WARN_DEPRECATED_OBJC_IMPLEMENTATIONS = YES;
				CLANG_WARN_DIRECT_OBJC_ISA_USAGE = YES_ERROR;
				CLANG_WARN_DOCUMENTATION_COMMENTS = YES;
				CLANG_WARN_EMPTY_BODY = YES;
				CLANG_WARN_ENUM_CONVERSION = YES;
				CLANG_WARN_INFINITE_RECURSION = YES;
				CLANG_WARN_INT_CONVERSION = YES;
				CLANG_WARN_NON_LITERAL_NULL_CONVERSION = YES;
				CLANG_WARN_OBJC_IMPLICIT_RETAIN_SELF = YES;
				CLANG_WARN_OBJC_LITERAL_CONVERSION = YES;
				CLANG_WARN_OBJC_ROOT_CLASS = YES_ERROR;
				CLANG_WARN_QUOTED_INCLUDE_IN_FRAMEWORK_HEADER = YES;
				CLANG_WARN_RANGE_LOOP_ANALYSIS = YES;
				CLANG_WARN_STRICT_PROTOTYPES = YES;
				CLANG_WARN_SUSPICIOUS_MOVE = YES;
				CLANG_WARN_UNGUARDED_AVAILABILITY = YES_AGGRESSIVE;
				CLANG_WARN_UNREACHABLE_CODE = YES;
				CLANG_WARN__DUPLICATE_METHOD_MATCH = YES;
				COPY_PHASE_STRIP = NO;
				DEBUG_INFORMATION_FORMAT = dwarf;
				ENABLE_STRICT_OBJC_MSGSEND = YES;
				ENABLE_TESTABILITY = YES;
				GCC_C_LANGUAGE_STANDARD = gnu11;
				GCC_DYNAMIC_NO_PIC = NO;
				GCC_NO_COMMON_BLOCKS = YES;
				GCC_OPTIMIZATION_LEVEL = 0;
				GCC_PREPROCESSOR_DEFINITIONS = (
					"$(inherited)",
					"DEBUG=1",
				);
				GCC_WARN_64_TO_32_BIT_CONVERSION = YES;
				GCC_WARN_ABOUT_RETURN_TYPE = YES_ERROR;
				GCC_WARN_UNDECLARED_SELECTOR = YES;
				GCC_WARN_UNINITIALIZED_AUTOS = YES_AGGRESSIVE;
				GCC_WARN_UNUSED_FUNCTION = YES;
				GCC_WARN_UNUSED_VARIABLE = YES;
				IPHONEOS_DEPLOYMENT_TARGET = 16.0;
				MTL_ENABLE_DEBUG_INFO = INCLUDE_SOURCE;
				MTL_FAST_MATH = YES;
				ONLY_ACTIVE_ARCH = YES;
				PRODUCT_NAME = "$(TARGET_NAME)";
				SDKROOT = iphoneos;
				SWIFT_ACTIVE_COMPILATION_CONDITIONS = DEBUG;
				SWIFT_OPTIMIZATION_LEVEL = "-Onone";
				SWIFT_VERSION = 5.0;
			};
			name = Debug;
		};
		9A3A9B319B0EAEB81892B529 /* Debug */ = {
			isa = XCBuildConfiguration;
			buildSettings = {
				CODE_SIGN_ENTITLEMENTS = Beads/WidgetExtension/BeadsWidgetExtension.entitlements;
				CODE_SIGN_STYLE = Automatic;
				DEVELOPMENT_TEAM = P472QJPHV5;
				INFOPLIST_FILE = "Generated/BeadsWidgetExtension-Info.plist";
				IPHONEOS_DEPLOYMENT_TARGET = 17.0;
				LD_RUNPATH_SEARCH_PATHS = (
					"$(inherited)",
					"@executable_path/Frameworks",
					"@executable_path/../../Frameworks",
				);
				PRODUCT_BUNDLE_IDENTIFIER = com.beadsapp.beads.BeadsWidget;
				SDKROOT = iphoneos;
				SWIFT_EMIT_LOC_STRINGS = YES;
				SWIFT_VERSION = 5.0;
				TARGETED_DEVICE_FAMILY = 1;
			};
			name = Debug;
		};
		9DA9EEB8FF66FA5D89777268 /* Release */ = {
			isa = XCBuildConfiguration;
			buildSettings = {
				CODE_SIGN_ENTITLEMENTS = Beads/WidgetExtension/BeadsWidgetExtension.entitlements;
				CODE_SIGN_STYLE = Automatic;
				DEVELOPMENT_TEAM = P472QJPHV5;
				INFOPLIST_FILE = "Generated/BeadsWidgetExtension-Info.plist";
				IPHONEOS_DEPLOYMENT_TARGET = 17.0;
				LD_RUNPATH_SEARCH_PATHS = (
					"$(inherited)",
					"@executable_path/Frameworks",
					"@executable_path/../../Frameworks",
				);
				PRODUCT_BUNDLE_IDENTIFIER = com.beadsapp.beads.BeadsWidget;
				SDKROOT = iphoneos;
				SWIFT_EMIT_LOC_STRINGS = YES;
				SWIFT_VERSION = 5.0;
				TARGETED_DEVICE_FAMILY = 1;
			};
			name = Release;
		};
		B8131C17C1B2F038533E4848 /* Release */ = {
			isa = XCBuildConfiguration;
			buildSettings = {
				ASSETCATALOG_COMPILER_APPICON_NAME = AppIcon;
				ASSETCATALOG_COMPILER_GLOBAL_ACCENT_COLOR_NAME = AccentColor;
				CODE_SIGN_ENTITLEMENTS = Beads/Beads.entitlements;
				CODE_SIGN_IDENTITY = "iPhone Developer";
				CODE_SIGN_STYLE = Automatic;
				DEVELOPMENT_TEAM = P472QJPHV5;
				INFOPLIST_FILE = "Generated/Beads-Info.plist";
				IPHONEOS_DEPLOYMENT_TARGET = 16.0;
				LD_RUNPATH_SEARCH_PATHS = (
					"$(inherited)",
					"@executable_path/Frameworks",
				);
				PRODUCT_BUNDLE_IDENTIFIER = com.beadsapp.beads;
				SDKROOT = iphoneos;
				SWIFT_EMIT_LOC_STRINGS = YES;
				SWIFT_VERSION = 5.0;
				TARGETED_DEVICE_FAMILY = 1;
			};
			name = Release;
		};
		DB1845A07D63D1F2BC610A55 /* Debug */ = {
			isa = XCBuildConfiguration;
			buildSettings = {
				ASSETCATALOG_COMPILER_APPICON_NAME = AppIcon;
				ASSETCATALOG_COMPILER_GLOBAL_ACCENT_COLOR_NAME = AccentColor;
				CODE_SIGN_ENTITLEMENTS = Beads/Beads.entitlements;
				CODE_SIGN_IDENTITY = "iPhone Developer";
				CODE_SIGN_STYLE = Automatic;
				DEVELOPMENT_TEAM = P472QJPHV5;
				INFOPLIST_FILE = "Generated/Beads-Info.plist";
				IPHONEOS_DEPLOYMENT_TARGET = 16.0;
				LD_RUNPATH_SEARCH_PATHS = (
					"$(inherited)",
					"@executable_path/Frameworks",
				);
				PRODUCT_BUNDLE_IDENTIFIER = com.beadsapp.beads;
				SDKROOT = iphoneos;
				SWIFT_EMIT_LOC_STRINGS = YES;
				SWIFT_VERSION = 5.0;
				TARGETED_DEVICE_FAMILY = 1;
			};
			name = Debug;
		};
/* End XCBuildConfiguration section */

/* Begin XCConfigurationList section */
		8725DB50B83E81495147DE73 /* Build configuration list for PBXNativeTarget "BeadsWidgetExtension" */ = {
			isa = XCConfigurationList;
			buildConfigurations = (
				9A3A9B319B0EAEB81892B529 /* Debug */,
				9DA9EEB8FF66FA5D89777268 /* Release */,
			);
			defaultConfigurationIsVisible = 0;
			defaultConfigurationName = Debug;
		};
		A33825246DC270E96531144C /* Build configuration list for PBXProject "Beads" */ = {
			isa = XCConfigurationList;
			buildConfigurations = (
				470C450FFD142A9732A9F13F /* Debug */,
				01B56F7023FCC03C3D8D83DC /* Release */,
			);
			defaultConfigurationIsVisible = 0;
			defaultConfigurationName = Debug;
		};
		BD758969F849458B4960D1FA /* Build configuration list for PBXNativeTarget "Beads" */ = {
			isa = XCConfigurationList;
			buildConfigurations = (
				DB1845A07D63D1F2BC610A55 /* Debug */,
				B8131C17C1B2F038533E4848 /* Release */,
			);
			defaultConfigurationIsVisible = 0;
			defaultConfigurationName = Debug;
		};
/* End XCConfigurationList section */
	};
	rootObject = E5C8CB66D4D6468C4A976453 /* Project object */;
}
